
Microsoft Visual Studio Solution File, Format Version 12.00
# Visual Studio Version 17
VisualStudioVersion = 17.11.35222.181
MinimumVisualStudioVersion = 10.0.40219.1
Project("{8BC9CEB8-8B4A-11D0-8D11-00A0C91BC942}") = "Practicheskaya_rabota_3", "Practicheskaya_rabota_3\Practicheskaya_rabota_3.vcxproj", "{81B7AE25-550F-4363-A317-54EAB0DC8474}"
EndProject
Global
	GlobalSection(SolutionConfigurationPlatforms) = preSolution
		Debug|x64 = Debug|x64
		Debug|x86 = Debug|x86
		Release|x64 = Release|x64
		Release|x86 = Release|x86
	EndGlobalSection
	GlobalSection(ProjectConfigurationPlatforms) = postSolution
		{81B7AE25-550F-4363-A317-54EAB0DC8474}.Debug|x64.ActiveCfg = Debug|x64
		{81B7AE25-550F-4363-A317-54EAB0DC8474}.Debug|x64.Build.0 = Debug|x64
		{81B7AE25-550F-4363-A317-54EAB0DC8474}.Debug|x86.ActiveCfg = Debug|Win32
		{81B7AE25-550F-4363-A317-54EAB0DC8474}.Debug|x86.Build.0 = Debug|Win32
		{81B7AE25-550F-4363-A317-54EAB0DC8474}.Release|x64.ActiveCfg = Release|x64
		{81B7AE25-550F-4363-A317-54EAB0DC8474}.Release|x64.Build.0 = Release|x64
		{81B7AE25-550F-4363-A317-54EAB0DC8474}.Release|x86.ActiveCfg = Release|Win32
		{81B7AE25-550F-4363-A317-54EAB0DC8474}.Release|x86.Build.0 = Release|Win32
	EndGlobalSection
	GlobalSection(SolutionProperties) = preSolution
		HideSolutionNode = FALSE
	EndGlobalSection
	GlobalSection(ExtensibilityGlobals) = postSolution
		SolutionGuid = {411C222D-4883-45F8-B624-3D597AF67BC9}
	EndGlobalSection
EndGlobal
